
Microsoft Visual Studio Solution File, Format Version 12.00
# Visual Studio Version 17
VisualStudioVersion = 17.7.34031.279
MinimumVisualStudioVersion = 10.0.40219.1
Project("{FAE04EC0-301F-11D3-BF4B-00C04F79EFBC}") = "PesquisaLargura", "PesquisaLargura.csproj", "{644FF7BC-B899-4CDA-B9BD-8FD3EB8BF338}"
EndProject
Global
	GlobalSection(SolutionConfigurationPlatforms) = preSolution
		Debug|Any CPU = Debug|Any CPU
		Release|Any CPU = Release|Any CPU
	EndGlobalSection
	GlobalSection(ProjectConfigurationPlatforms) = postSolution
		{644FF7BC-B899-4CDA-B9BD-8FD3EB8BF338}.Debug|Any CPU.ActiveCfg = Debug|Any CPU
		{644FF7BC-B899-4CDA-B9BD-8FD3EB8BF338}.Debug|Any CPU.Build.0 = Debug|Any CPU
		{644FF7BC-B899-4CDA-B9BD-8FD3EB8BF338}.Release|Any CPU.ActiveCfg = Release|Any CPU
		{644FF7BC-B899-4CDA-B9BD-8FD3EB8BF338}.Release|Any CPU.Build.0 = Release|Any CPU
	EndGlobalSection
	GlobalSection(SolutionProperties) = preSolution
		HideSolutionNode = FALSE
	EndGlobalSection
	GlobalSection(ExtensibilityGlobals) = postSolution
		SolutionGuid = {8718B87A-B58D-4B63-83B2-0476D7CAE385}
	EndGlobalSection
EndGlobal
