
Microsoft Visual Studio Solution File, Format Version 12.00
# Visual Studio Version 17
VisualStudioVersion = 17.7.34031.279
MinimumVisualStudioVersion = 10.0.40219.1
Project("{FAE04EC0-301F-11D3-BF4B-00C04F79EFBC}") = "Função recursiva", "Função recursiva.csproj", "{46E7008F-74C6-4D4D-A27D-82FC09378E73}"
EndProject
Global
	GlobalSection(SolutionConfigurationPlatforms) = preSolution
		Debug|Any CPU = Debug|Any CPU
		Release|Any CPU = Release|Any CPU
	EndGlobalSection
	GlobalSection(ProjectConfigurationPlatforms) = postSolution
		{46E7008F-74C6-4D4D-A27D-82FC09378E73}.Debug|Any CPU.ActiveCfg = Debug|Any CPU
		{46E7008F-74C6-4D4D-A27D-82FC09378E73}.Debug|Any CPU.Build.0 = Debug|Any CPU
		{46E7008F-74C6-4D4D-A27D-82FC09378E73}.Release|Any CPU.ActiveCfg = Release|Any CPU
		{46E7008F-74C6-4D4D-A27D-82FC09378E73}.Release|Any CPU.Build.0 = Release|Any CPU
	EndGlobalSection
	GlobalSection(SolutionProperties) = preSolution
		HideSolutionNode = FALSE
	EndGlobalSection
	GlobalSection(ExtensibilityGlobals) = postSolution
		SolutionGuid = {EF79300A-842E-4420-AC6B-46905D197C5C}
	EndGlobalSection
EndGlobal
