
Microsoft Visual Studio Solution File, Format Version 12.00
# Visual Studio Version 17
VisualStudioVersion = 17.7.34031.279
MinimumVisualStudioVersion = 10.0.40219.1
Project("{FAE04EC0-301F-11D3-BF4B-00C04F79EFBC}") = "Recursivo", "Recursivo.csproj", "{44BC59F7-C001-4602-A439-73AF4E71F1FB}"
EndProject
Global
	GlobalSection(SolutionConfigurationPlatforms) = preSolution
		Debug|Any CPU = Debug|Any CPU
		Release|Any CPU = Release|Any CPU
	EndGlobalSection
	GlobalSection(ProjectConfigurationPlatforms) = postSolution
		{44BC59F7-C001-4602-A439-73AF4E71F1FB}.Debug|Any CPU.ActiveCfg = Debug|Any CPU
		{44BC59F7-C001-4602-A439-73AF4E71F1FB}.Debug|Any CPU.Build.0 = Debug|Any CPU
		{44BC59F7-C001-4602-A439-73AF4E71F1FB}.Release|Any CPU.ActiveCfg = Release|Any CPU
		{44BC59F7-C001-4602-A439-73AF4E71F1FB}.Release|Any CPU.Build.0 = Release|Any CPU
	EndGlobalSection
	GlobalSection(SolutionProperties) = preSolution
		HideSolutionNode = FALSE
	EndGlobalSection
	GlobalSection(ExtensibilityGlobals) = postSolution
		SolutionGuid = {9B4A5BE5-AA62-4DFF-811E-457D5AA378CF}
	EndGlobalSection
EndGlobal
